
Microsoft Visual Studio Solution File, Format Version 12.00
# Visual Studio Version 16
VisualStudioVersion = 16.0.29911.84
MinimumVisualStudioVersion = 10.0.40219.1
Project("{FAE04EC0-301F-11D3-BF4B-00C04F79EFBC}") = "TSTaskCentreEx", "TSTaskCentreEx.csproj", "{CE59CEAE-8D64-4671-9ABC-418CC14BA093}"
EndProject
Global
	GlobalSection(SolutionConfigurationPlatforms) = preSolution
		Debug|Any CPU = Debug|Any CPU
		Release|Any CPU = Release|Any CPU
	EndGlobalSection
	GlobalSection(ProjectConfigurationPlatforms) = postSolution
		{CE59CEAE-8D64-4671-9ABC-418CC14BA093}.Debug|Any CPU.ActiveCfg = Debug|Any CPU
		{CE59CEAE-8D64-4671-9ABC-418CC14BA093}.Debug|Any CPU.Build.0 = Debug|Any CPU
		{CE59CEAE-8D64-4671-9ABC-418CC14BA093}.Release|Any CPU.ActiveCfg = Release|Any CPU
		{CE59CEAE-8D64-4671-9ABC-418CC14BA093}.Release|Any CPU.Build.0 = Release|Any CPU
	EndGlobalSection
	GlobalSection(SolutionProperties) = preSolution
		HideSolutionNode = FALSE
	EndGlobalSection
	GlobalSection(ExtensibilityGlobals) = postSolution
		SolutionGuid = {48EF420E-F503-4F0F-923D-5FC911A1D0C7}
	EndGlobalSection
EndGlobal
